
Microsoft Visual Studio Solution File, Format Version 12.00
# Visual Studio Version 17
VisualStudioVersion = 17.11.35222.181
MinimumVisualStudioVersion = 10.0.40219.1
Project("{FAE04EC0-301F-11D3-BF4B-00C04F79EFBC}") = "7.2 assignments", "7.2 assignments.csproj", "{B06102D4-C572-43A9-B9DE-454FBBF3B156}"
EndProject
Global
	GlobalSection(SolutionConfigurationPlatforms) = preSolution
		Debug|Any CPU = Debug|Any CPU
		Release|Any CPU = Release|Any CPU
	EndGlobalSection
	GlobalSection(ProjectConfigurationPlatforms) = postSolution
		{B06102D4-C572-43A9-B9DE-454FBBF3B156}.Debug|Any CPU.ActiveCfg = Debug|Any CPU
		{B06102D4-C572-43A9-B9DE-454FBBF3B156}.Debug|Any CPU.Build.0 = Debug|Any CPU
		{B06102D4-C572-43A9-B9DE-454FBBF3B156}.Release|Any CPU.ActiveCfg = Release|Any CPU
		{B06102D4-C572-43A9-B9DE-454FBBF3B156}.Release|Any CPU.Build.0 = Release|Any CPU
	EndGlobalSection
	GlobalSection(SolutionProperties) = preSolution
		HideSolutionNode = FALSE
	EndGlobalSection
	GlobalSection(ExtensibilityGlobals) = postSolution
		SolutionGuid = {A2A4014E-7357-4E20-90F1-B447A6F0AD55}
	EndGlobalSection
EndGlobal
